// !$*UTF8*$!
{
	archiveVersion = 1;
	classes = {
	};
	objectVersion = 46;
	objects = {

/* Begin PBXBuildFile section */
		43A8A0066F844F5E0104A6E8 /* Pods_TheCountedViewerUITests.framework in Frameworks */ = {isa = PBXBuildFile; fileRef = FB4F25AB63213990FE55F8C9 /* Pods_TheCountedViewerUITests.framework */; };
		611DAF09917F5C9A96EB66A5 /* Pods_TheCountedViewer.framework in Frameworks */ = {isa = PBXBuildFile; fileRef = 6AB4C21E1CF1B1A8A6C01933 /* Pods_TheCountedViewer.framework */; };
		983448DEDBC21772C86F7CB6 /* Pods_TheCountedViewerTests.framework in Frameworks */ = {isa = PBXBuildFile; fileRef = 8E88BB1745E93BC05B539B49 /* Pods_TheCountedViewerTests.framework */; };
		B65319A11D3073D400CCBE9C /* AppDelegate.swift in Sources */ = {isa = PBXBuildFile; fileRef = B65319A01D3073D400CCBE9C /* AppDelegate.swift */; };
		B65319A31D3073D400CCBE9C /* MapViewController.swift in Sources */ = {isa = PBXBuildFile; fileRef = B65319A21D3073D400CCBE9C /* MapViewController.swift */; };
		B65319A51D3073D400CCBE9C /* AboutViewController.swift in Sources */ = {isa = PBXBuildFile; fileRef = B65319A41D3073D400CCBE9C /* AboutViewController.swift */; };
		B65319A81D3073D400CCBE9C /* Main.storyboard in Resources */ = {isa = PBXBuildFile; fileRef = B65319A61D3073D400CCBE9C /* Main.storyboard */; };
		B65319AA1D3073D400CCBE9C /* Assets.xcassets in Resources */ = {isa = PBXBuildFile; fileRef = B65319A91D3073D400CCBE9C /* Assets.xcassets */; };
		B65319AD1D3073D400CCBE9C /* LaunchScreen.storyboard in Resources */ = {isa = PBXBuildFile; fileRef = B65319AB1D3073D400CCBE9C /* LaunchScreen.storyboard */; };
		B65319B81D3073D400CCBE9C /* TheCountedViewerTests.swift in Sources */ = {isa = PBXBuildFile; fileRef = B65319B71D3073D400CCBE9C /* TheCountedViewerTests.swift */; };
		B65319C31D3073D400CCBE9C /* TheCountedViewerUITests.swift in Sources */ = {isa = PBXBuildFile; fileRef = B65319C21D3073D400CCBE9C /* TheCountedViewerUITests.swift */; };
		B65319D11D31762B00CCBE9C /* MapKit.framework in Frameworks */ = {isa = PBXBuildFile; fileRef = B65319D01D31762B00CCBE9C /* MapKit.framework */; };
		B65319D51D32936300CCBE9C /* Killing.swift in Sources */ = {isa = PBXBuildFile; fileRef = B65319D41D32936300CCBE9C /* Killing.swift */; };
/* End PBXBuildFile section */

/* Begin PBXContainerItemProxy section */
		B65319B41D3073D400CCBE9C /* PBXContainerItemProxy */ = {
			isa = PBXContainerItemProxy;
			containerPortal = B65319951D3073D400CCBE9C /* Project object */;
			proxyType = 1;
			remoteGlobalIDString = B653199C1D3073D400CCBE9C;
			remoteInfo = TheCountedViewer;
		};
		B65319BF1D3073D400CCBE9C /* PBXContainerItemProxy */ = {
			isa = PBXContainerItemProxy;
			containerPortal = B65319951D3073D400CCBE9C /* Project object */;
			proxyType = 1;
			remoteGlobalIDString = B653199C1D3073D400CCBE9C;
			remoteInfo = TheCountedViewer;
		};
/* End PBXContainerItemProxy section */

/* Begin PBXFileReference section */
		202E3DF658D9E9BA6AA225D0 /* Pods-TheCountedViewerUITests.release.xcconfig */ = {isa = PBXFileReference; includeInIndex = 1; lastKnownFileType = text.xcconfig; name = "Pods-TheCountedViewerUITests.release.xcconfig"; path = "Pods/Target Support Files/Pods-TheCountedViewerUITests/Pods-TheCountedViewerUITests.release.xcconfig"; sourceTree = "<group>"; };
		62DF30EA567385D9AE3892E8 /* Pods-TheCountedViewerUITests.debug.xcconfig */ = {isa = PBXFileReference; includeInIndex = 1; lastKnownFileType = text.xcconfig; name = "Pods-TheCountedViewerUITests.debug.xcconfig"; path = "Pods/Target Support Files/Pods-TheCountedViewerUITests/Pods-TheCountedViewerUITests.debug.xcconfig"; sourceTree = "<group>"; };
		6AB4C21E1CF1B1A8A6C01933 /* Pods_TheCountedViewer.framework */ = {isa = PBXFileReference; explicitFileType = wrapper.framework; includeInIndex = 0; path = Pods_TheCountedViewer.framework; sourceTree = BUILT_PRODUCTS_DIR; };
		768D30BD001A6C968D54FA98 /* Pods-TheCountedViewer.debug.xcconfig */ = {isa = PBXFileReference; includeInIndex = 1; lastKnownFileType = text.xcconfig; name = "Pods-TheCountedViewer.debug.xcconfig"; path = "Pods/Target Support Files/Pods-TheCountedViewer/Pods-TheCountedViewer.debug.xcconfig"; sourceTree = "<group>"; };
		8E88BB1745E93BC05B539B49 /* Pods_TheCountedViewerTests.framework */ = {isa = PBXFileReference; explicitFileType = wrapper.framework; includeInIndex = 0; path = Pods_TheCountedViewerTests.framework; sourceTree = BUILT_PRODUCTS_DIR; };
		960A17F7FCBF579C4B11D640 /* Pods-TheCountedViewerTests.debug.xcconfig */ = {isa = PBXFileReference; includeInIndex = 1; lastKnownFileType = text.xcconfig; name = "Pods-TheCountedViewerTests.debug.xcconfig"; path = "Pods/Target Support Files/Pods-TheCountedViewerTests/Pods-TheCountedViewerTests.debug.xcconfig"; sourceTree = "<group>"; };
		B653199D1D3073D400CCBE9C /* TheCountedViewer.app */ = {isa = PBXFileReference; explicitFileType = wrapper.application; includeInIndex = 0; path = TheCountedViewer.app; sourceTree = BUILT_PRODUCTS_DIR; };
		B65319A01D3073D400CCBE9C /* AppDelegate.swift */ = {isa = PBXFileReference; lastKnownFileType = sourcecode.swift; path = AppDelegate.swift; sourceTree = "<group>"; };
		B65319A21D3073D400CCBE9C /* MapViewController.swift */ = {isa = PBXFileReference; lastKnownFileType = sourcecode.swift; path = MapViewController.swift; sourceTree = "<group>"; };
		B65319A41D3073D400CCBE9C /* AboutViewController.swift */ = {isa = PBXFileReference; lastKnownFileType = sourcecode.swift; path = AboutViewController.swift; sourceTree = "<group>"; };
		B65319A71D3073D400CCBE9C /* Base */ = {isa = PBXFileReference; lastKnownFileType = file.storyboard; name = Base; path = Base.lproj/Main.storyboard; sourceTree = "<group>"; };
		B65319A91D3073D400CCBE9C /* Assets.xcassets */ = {isa = PBXFileReference; lastKnownFileType = folder.assetcatalog; path = Assets.xcassets; sourceTree = "<group>"; };
		B65319AC1D3073D400CCBE9C /* Base */ = {isa = PBXFileReference; lastKnownFileType = file.storyboard; name = Base; path = Base.lproj/LaunchScreen.storyboard; sourceTree = "<group>"; };
		B65319AE1D3073D400CCBE9C /* Info.plist */ = {isa = PBXFileReference; lastKnownFileType = text.plist.xml; path = Info.plist; sourceTree = "<group>"; };
		B65319B31D3073D400CCBE9C /* TheCountedViewerTests.xctest */ = {isa = PBXFileReference; explicitFileType = wrapper.cfbundle; includeInIndex = 0; path = TheCountedViewerTests.xctest; sourceTree = BUILT_PRODUCTS_DIR; };
		B65319B71D3073D400CCBE9C /* TheCountedViewerTests.swift */ = {isa = PBXFileReference; lastKnownFileType = sourcecode.swift; path = TheCountedViewerTests.swift; sourceTree = "<group>"; };
		B65319B91D3073D400CCBE9C /* Info.plist */ = {isa = PBXFileReference; lastKnownFileType = text.plist.xml; path = Info.plist; sourceTree = "<group>"; };
		B65319BE1D3073D400CCBE9C /* TheCountedViewerUITests.xctest */ = {isa = PBXFileReference; explicitFileType = wrapper.cfbundle; includeInIndex = 0; path = TheCountedViewerUITests.xctest; sourceTree = BUILT_PRODUCTS_DIR; };
		B65319C21D3073D400CCBE9C /* TheCountedViewerUITests.swift */ = {isa = PBXFileReference; lastKnownFileType = sourcecode.swift; path = TheCountedViewerUITests.swift; sourceTree = "<group>"; };
		B65319C41D3073D400CCBE9C /* Info.plist */ = {isa = PBXFileReference; lastKnownFileType = text.plist.xml; path = Info.plist; sourceTree = "<group>"; };
		B65319D01D31762B00CCBE9C /* MapKit.framework */ = {isa = PBXFileReference; lastKnownFileType = wrapper.framework; name = MapKit.framework; path = System/Library/Frameworks/MapKit.framework; sourceTree = SDKROOT; };
		B65319D41D32936300CCBE9C /* Killing.swift */ = {isa = PBXFileReference; fileEncoding = 4; lastKnownFileType = sourcecode.swift; path = Killing.swift; sourceTree = "<group>"; };
		BA1E32C157D0196877CF3687 /* Pods-TheCountedViewerTests.release.xcconfig */ = {isa = PBXFileReference; includeInIndex = 1; lastKnownFileType = text.xcconfig; name = "Pods-TheCountedViewerTests.release.xcconfig"; path = "Pods/Target Support Files/Pods-TheCountedViewerTests/Pods-TheCountedViewerTests.release.xcconfig"; sourceTree = "<group>"; };
		DEA79D1B525EED860297CB0A /* Pods-TheCountedViewer.release.xcconfig */ = {isa = PBXFileReference; includeInIndex = 1; lastKnownFileType = text.xcconfig; name = "Pods-TheCountedViewer.release.xcconfig"; path = "Pods/Target Support Files/Pods-TheCountedViewer/Pods-TheCountedViewer.release.xcconfig"; sourceTree = "<group>"; };
		FB4F25AB63213990FE55F8C9 /* Pods_TheCountedViewerUITests.framework */ = {isa = PBXFileReference; explicitFileType = wrapper.framework; includeInIndex = 0; path = Pods_TheCountedViewerUITests.framework; sourceTree = BUILT_PRODUCTS_DIR; };
/* End PBXFileReference section */

/* Begin PBXFrameworksBuildPhase section */
		B653199A1D3073D400CCBE9C /* Frameworks */ = {
			isa = PBXFrameworksBuildPhase;
			buildActionMask = 2147483647;
			files = (
				B65319D11D31762B00CCBE9C /* MapKit.framework in Frameworks */,
				611DAF09917F5C9A96EB66A5 /* Pods_TheCountedViewer.framework in Frameworks */,
			);
			runOnlyForDeploymentPostprocessing = 0;
		};
		B65319B01D3073D400CCBE9C /* Frameworks */ = {
			isa = PBXFrameworksBuildPhase;
			buildActionMask = 2147483647;
			files = (
				983448DEDBC21772C86F7CB6 /* Pods_TheCountedViewerTests.framework in Frameworks */,
			);
			runOnlyForDeploymentPostprocessing = 0;
		};
		B65319BB1D3073D400CCBE9C /* Frameworks */ = {
			isa = PBXFrameworksBuildPhase;
			buildActionMask = 2147483647;
			files = (
				43A8A0066F844F5E0104A6E8 /* Pods_TheCountedViewerUITests.framework in Frameworks */,
			);
			runOnlyForDeploymentPostprocessing = 0;
		};
/* End PBXFrameworksBuildPhase section */

/* Begin PBXGroup section */
		4F7A37CE197D08817EB88ABB /* Pods */ = {
			isa = PBXGroup;
			children = (
				768D30BD001A6C968D54FA98 /* Pods-TheCountedViewer.debug.xcconfig */,
				DEA79D1B525EED860297CB0A /* Pods-TheCountedViewer.release.xcconfig */,
				960A17F7FCBF579C4B11D640 /* Pods-TheCountedViewerTests.debug.xcconfig */,
				BA1E32C157D0196877CF3687 /* Pods-TheCountedViewerTests.release.xcconfig */,
				62DF30EA567385D9AE3892E8 /* Pods-TheCountedViewerUITests.debug.xcconfig */,
				202E3DF658D9E9BA6AA225D0 /* Pods-TheCountedViewerUITests.release.xcconfig */,
			);
			name = Pods;
			sourceTree = "<group>";
		};
		B65319941D3073D400CCBE9C = {
			isa = PBXGroup;
			children = (
				B65319D01D31762B00CCBE9C /* MapKit.framework */,
				B653199F1D3073D400CCBE9C /* TheCountedViewer */,
				B65319B61D3073D400CCBE9C /* TheCountedViewerTests */,
				B65319C11D3073D400CCBE9C /* TheCountedViewerUITests */,
				B653199E1D3073D400CCBE9C /* Products */,
				4F7A37CE197D08817EB88ABB /* Pods */,
				D4DB8AD348556BE9BD5C3CEB /* Frameworks */,
			);
			sourceTree = "<group>";
		};
		B653199E1D3073D400CCBE9C /* Products */ = {
			isa = PBXGroup;
			children = (
				B653199D1D3073D400CCBE9C /* TheCountedViewer.app */,
				B65319B31D3073D400CCBE9C /* TheCountedViewerTests.xctest */,
				B65319BE1D3073D400CCBE9C /* TheCountedViewerUITests.xctest */,
			);
			name = Products;
			sourceTree = "<group>";
		};
		B653199F1D3073D400CCBE9C /* TheCountedViewer */ = {
			isa = PBXGroup;
			children = (
				B65319A01D3073D400CCBE9C /* AppDelegate.swift */,
				B65319D61D3293D000CCBE9C /* Models */,
				B65319D71D3293D900CCBE9C /* Controllers */,
				B65319A61D3073D400CCBE9C /* Main.storyboard */,
				B65319A91D3073D400CCBE9C /* Assets.xcassets */,
				B65319AB1D3073D400CCBE9C /* LaunchScreen.storyboard */,
				B65319AE1D3073D400CCBE9C /* Info.plist */,
			);
			path = TheCountedViewer;
			sourceTree = "<group>";
		};
		B65319B61D3073D400CCBE9C /* TheCountedViewerTests */ = {
			isa = PBXGroup;
			children = (
				B65319B71D3073D400CCBE9C /* TheCountedViewerTests.swift */,
				B65319B91D3073D400CCBE9C /* Info.plist */,
			);
			path = TheCountedViewerTests;
			sourceTree = "<group>";
		};
		B65319C11D3073D400CCBE9C /* TheCountedViewerUITests */ = {
			isa = PBXGroup;
			children = (
				B65319C21D3073D400CCBE9C /* TheCountedViewerUITests.swift */,
				B65319C41D3073D400CCBE9C /* Info.plist */,
			);
			path = TheCountedViewerUITests;
			sourceTree = "<group>";
		};
		B65319D61D3293D000CCBE9C /* Models */ = {
			isa = PBXGroup;
			children = (
				B65319D41D32936300CCBE9C /* Killing.swift */,
			);
			name = Models;
			sourceTree = "<group>";
		};
		B65319D71D3293D900CCBE9C /* Controllers */ = {
			isa = PBXGroup;
			children = (
				B65319A21D3073D400CCBE9C /* MapViewController.swift */,
				B65319A41D3073D400CCBE9C /* AboutViewController.swift */,
			);
			name = Controllers;
			sourceTree = "<group>";
		};
		D4DB8AD348556BE9BD5C3CEB /* Frameworks */ = {
			isa = PBXGroup;
			children = (
				6AB4C21E1CF1B1A8A6C01933 /* Pods_TheCountedViewer.framework */,
				8E88BB1745E93BC05B539B49 /* Pods_TheCountedViewerTests.framework */,
				FB4F25AB63213990FE55F8C9 /* Pods_TheCountedViewerUITests.framework */,
			);
			name = Frameworks;
			sourceTree = "<group>";
		};
/* End PBXGroup section */

/* Begin PBXNativeTarget section */
		B653199C1D3073D400CCBE9C /* TheCountedViewer */ = {
			isa = PBXNativeTarget;
			buildConfigurationList = B65319C71D3073D400CCBE9C /* Build configuration list for PBXNativeTarget "TheCountedViewer" */;
			buildPhases = (
				DC9BEF15B2D09527D535FF73 /* [CP] Check Pods Manifest.lock */,
				B65319991D3073D400CCBE9C /* Sources */,
				B653199A1D3073D400CCBE9C /* Frameworks */,
				B653199B1D3073D400CCBE9C /* Resources */,
				F6C5974CB92B7A55007993F4 /* [CP] Embed Pods Frameworks */,
				5993B0854B5F366C3A03403B /* [CP] Copy Pods Resources */,
			);
			buildRules = (
			);
			dependencies = (
			);
			name = TheCountedViewer;
			productName = TheCountedViewer;
			productReference = B653199D1D3073D400CCBE9C /* TheCountedViewer.app */;
			productType = "com.apple.product-type.application";
		};
		B65319B21D3073D400CCBE9C /* TheCountedViewerTests */ = {
			isa = PBXNativeTarget;
			buildConfigurationList = B65319CA1D3073D400CCBE9C /* Build configuration list for PBXNativeTarget "TheCountedViewerTests" */;
			buildPhases = (
				9A59AEF4C3DE3C93C8B4F450 /* [CP] Check Pods Manifest.lock */,
				B65319AF1D3073D400CCBE9C /* Sources */,
				B65319B01D3073D400CCBE9C /* Frameworks */,
				B65319B11D3073D400CCBE9C /* Resources */,
				CB0855724C4B3412CDC1D4A3 /* [CP] Embed Pods Frameworks */,
				0961FD36EFF511EAEC8D19F0 /* [CP] Copy Pods Resources */,
			);
			buildRules = (
			);
			dependencies = (
				B65319B51D3073D400CCBE9C /* PBXTargetDependency */,
			);
			name = TheCountedViewerTests;
			productName = TheCountedViewerTests;
			productReference = B65319B31D3073D400CCBE9C /* TheCountedViewerTests.xctest */;
			productType = "com.apple.product-type.bundle.unit-test";
		};
		B65319BD1D3073D400CCBE9C /* TheCountedViewerUITests */ = {
			isa = PBXNativeTarget;
			buildConfigurationList = B65319CD1D3073D400CCBE9C /* Build configuration list for PBXNativeTarget "TheCountedViewerUITests" */;
			buildPhases = (
				30E0C6D6AB13CDB44663446F /* [CP] Check Pods Manifest.lock */,
				B65319BA1D3073D400CCBE9C /* Sources */,
				B65319BB1D3073D400CCBE9C /* Frameworks */,
				B65319BC1D3073D400CCBE9C /* Resources */,
				012BD14A8472BD3C5023EBFE /* [CP] Copy Pods Resources */,
			);
			buildRules = (
			);
			dependencies = (
				B65319C01D3073D400CCBE9C /* PBXTargetDependency */,
			);
			name = TheCountedViewerUITests;
			productName = TheCountedViewerUITests;
			productReference = B65319BE1D3073D400CCBE9C /* TheCountedViewerUITests.xctest */;
			productType = "com.apple.product-type.bundle.ui-testing";
		};
/* End PBXNativeTarget section */

/* Begin PBXProject section */
		B65319951D3073D400CCBE9C /* Project object */ = {
			isa = PBXProject;
			attributes = {
				LastSwiftUpdateCheck = 0730;
				LastUpgradeCheck = 0730;
				ORGANIZATIONNAME = "Eugeniu Belinski";
				TargetAttributes = {
					B653199C1D3073D400CCBE9C = {
						CreatedOnToolsVersion = 7.3.1;
						DevelopmentTeam = H7ATB2ZBVD;
					};
					B65319B21D3073D400CCBE9C = {
						CreatedOnToolsVersion = 7.3.1;
						TestTargetID = B653199C1D3073D400CCBE9C;
					};
					B65319BD1D3073D400CCBE9C = {
						CreatedOnToolsVersion = 7.3.1;
						TestTargetID = B653199C1D3073D400CCBE9C;
					};
				};
			};
			buildConfigurationList = B65319981D3073D400CCBE9C /* Build configuration list for PBXProject "TheCountedViewer" */;
			compatibilityVersion = "Xcode 3.2";
			developmentRegion = English;
			hasScannedForEncodings = 0;
			knownRegions = (
				en,
				Base,
			);
			mainGroup = B65319941D3073D400CCBE9C;
			productRefGroup = B653199E1D3073D400CCBE9C /* Products */;
			projectDirPath = "";
			projectRoot = "";
			targets = (
				B653199C1D3073D400CCBE9C /* TheCountedViewer */,
				B65319B21D3073D400CCBE9C /* TheCountedViewerTests */,
				B65319BD1D3073D400CCBE9C /* TheCountedViewerUITests */,
			);
		};
/* End PBXProject section */

/* Begin PBXResourcesBuildPhase section */
		B653199B1D3073D400CCBE9C /* Resources */ = {
			isa = PBXResourcesBuildPhase;
			buildActionMask = 2147483647;
			files = (
				B65319AD1D3073D400CCBE9C /* LaunchScreen.storyboard in Resources */,
				B65319AA1D3073D400CCBE9C /* Assets.xcassets in Resources */,
				B65319A81D3073D400CCBE9C /* Main.storyboard in Resources */,
			);
			runOnlyForDeploymentPostprocessing = 0;
		};
		B65319B11D3073D400CCBE9C /* Resources */ = {
			isa = PBXResourcesBuildPhase;
			buildActionMask = 2147483647;
			files = (
			);
			runOnlyForDeploymentPostprocessing = 0;
		};
		B65319BC1D3073D400CCBE9C /* Resources */ = {
			isa = PBXResourcesBuildPhase;
			buildActionMask = 2147483647;
			files = (
			);
			runOnlyForDeploymentPostprocessing = 0;
		};
/* End PBXResourcesBuildPhase section */

/* Begin PBXShellScriptBuildPhase section */
		012BD14A8472BD3C5023EBFE /* [CP] Copy Pods Resources */ = {
			isa = PBXShellScriptBuildPhase;
			buildActionMask = 2147483647;
			files = (
			);
			inputPaths = (
			);
			name = "[CP] Copy Pods Resources";
			outputPaths = (
			);
			runOnlyForDeploymentPostprocessing = 0;
			shellPath = /bin/sh;
			shellScript = "\"${SRCROOT}/Pods/Target Support Files/Pods-TheCountedViewerUITests/Pods-TheCountedViewerUITests-resources.sh\"\n";
			showEnvVarsInLog = 0;
		};
		0961FD36EFF511EAEC8D19F0 /* [CP] Copy Pods Resources */ = {
			isa = PBXShellScriptBuildPhase;
			buildActionMask = 2147483647;
			files = (
			);
			inputPaths = (
			);
			name = "[CP] Copy Pods Resources";
			outputPaths = (
			);
			runOnlyForDeploymentPostprocessing = 0;
			shellPath = /bin/sh;
			shellScript = "\"${SRCROOT}/Pods/Target Support Files/Pods-TheCountedViewerTests/Pods-TheCountedViewerTests-resources.sh\"\n";
			showEnvVarsInLog = 0;
		};
		30E0C6D6AB13CDB44663446F /* [CP] Check Pods Manifest.lock */ = {
			isa = PBXShellScriptBuildPhase;
			buildActionMask = 2147483647;
			files = (
			);
			inputPaths = (
			);
			name = "[CP] Check Pods Manifest.lock";
			outputPaths = (
			);
			runOnlyForDeploymentPostprocessing = 0;
			shellPath = /bin/sh;
			shellScript = "diff \"${PODS_ROOT}/../Podfile.lock\" \"${PODS_ROOT}/Manifest.lock\" > /dev/null\nif [[ $? != 0 ]] ; then\n    cat << EOM\nerror: The sandbox is not in sync with the Podfile.lock. Run 'pod install' or update your CocoaPods installation.\nEOM\n    exit 1\nfi\n";
			showEnvVarsInLog = 0;
		};
		5993B0854B5F366C3A03403B /* [CP] Copy Pods Resources */ = {
			isa = PBXShellScriptBuildPhase;
			buildActionMask = 2147483647;
			files = (
			);
			inputPaths = (
			);
			name = "[CP] Copy Pods Resources";
			outputPaths = (
			);
			runOnlyForDeploymentPostprocessing = 0;
			shellPath = /bin/sh;
			shellScript = "\"${SRCROOT}/Pods/Target Support Files/Pods-TheCountedViewer/Pods-TheCountedViewer-resources.sh\"\n";
			showEnvVarsInLog = 0;
		};
		9A59AEF4C3DE3C93C8B4F450 /* [CP] Check Pods Manifest.lock */ = {
			isa = PBXShellScriptBuildPhase;
			buildActionMask = 2147483647;
			files = (
			);
			inputPaths = (
			);
			name = "[CP] Check Pods Manifest.lock";
			outputPaths = (
			);
			runOnlyForDeploymentPostprocessing = 0;
			shellPath = /bin/sh;
			shellScript = "diff \"${PODS_ROOT}/../Podfile.lock\" \"${PODS_ROOT}/Manifest.lock\" > /dev/null\nif [[ $? != 0 ]] ; then\n    cat << EOM\nerror: The sandbox is not in sync with the Podfile.lock. Run 'pod install' or update your CocoaPods installation.\nEOM\n    exit 1\nfi\n";
			showEnvVarsInLog = 0;
		};
		CB0855724C4B3412CDC1D4A3 /* [CP] Embed Pods Frameworks */ = {
			isa = PBXShellScriptBuildPhase;
			buildActionMask = 2147483647;
			files = (
			);
			inputPaths = (
			);
			name = "[CP] Embed Pods Frameworks";
			outputPaths = (
			);
			runOnlyForDeploymentPostprocessing = 0;
			shellPath = /bin/sh;
			shellScript = "\"${SRCROOT}/Pods/Target Support Files/Pods-TheCountedViewerTests/Pods-TheCountedViewerTests-frameworks.sh\"\n";
			showEnvVarsInLog = 0;
		};
		DC9BEF15B2D09527D535FF73 /* [CP] Check Pods Manifest.lock */ = {
			isa = PBXShellScriptBuildPhase;
			buildActionMask = 2147483647;
			files = (
			);
			inputPaths = (
			);
			name = "[CP] Check Pods Manifest.lock";
			outputPaths = (
			);
			runOnlyForDeploymentPostprocessing = 0;
			shellPath = /bin/sh;
			shellScript = "diff \"${PODS_ROOT}/../Podfile.lock\" \"${PODS_ROOT}/Manifest.lock\" > /dev/null\nif [[ $? != 0 ]] ; then\n    cat << EOM\nerror: The sandbox is not in sync with the Podfile.lock. Run 'pod install' or update your CocoaPods installation.\nEOM\n    exit 1\nfi\n";
			showEnvVarsInLog = 0;
		};
		F6C5974CB92B7A55007993F4 /* [CP] Embed Pods Frameworks */ = {
			isa = PBXShellScriptBuildPhase;
			buildActionMask = 2147483647;
			files = (
			);
			inputPaths = (
			);
			name = "[CP] Embed Pods Frameworks";
			outputPaths = (
			);
			runOnlyForDeploymentPostprocessing = 0;
			shellPath = /bin/sh;
			shellScript = "\"${SRCROOT}/Pods/Target Support Files/Pods-TheCountedViewer/Pods-TheCountedViewer-frameworks.sh\"\n";
			showEnvVarsInLog = 0;
		};
/* End PBXShellScriptBuildPhase section */

/* Begin PBXSourcesBuildPhase section */
		B65319991D3073D400CCBE9C /* Sources */ = {
			isa = PBXSourcesBuildPhase;
			buildActionMask = 2147483647;
			files = (
				B65319A51D3073D400CCBE9C /* AboutViewController.swift in Sources */,
				B65319A11D3073D400CCBE9C /* AppDelegate.swift in Sources */,
				B65319D51D32936300CCBE9C /* Killing.swift in Sources */,
				B65319A31D3073D400CCBE9C /* MapViewController.swift in Sources */,
			);
			runOnlyForDeploymentPostprocessing = 0;
		};
		B65319AF1D3073D400CCBE9C /* Sources */ = {
			isa = PBXSourcesBuildPhase;
			buildActionMask = 2147483647;
			files = (
				B65319B81D3073D400CCBE9C /* TheCountedViewerTests.swift in Sources */,
			);
			runOnlyForDeploymentPostprocessing = 0;
		};
		B65319BA1D3073D400CCBE9C /* Sources */ = {
			isa = PBXSourcesBuildPhase;
			buildActionMask = 2147483647;
			files = (
				B65319C31D3073D400CCBE9C /* TheCountedViewerUITests.swift in Sources */,
			);
			runOnlyForDeploymentPostprocessing = 0;
		};
/* End PBXSourcesBuildPhase section */

/* Begin PBXTargetDependency section */
		B65319B51D3073D400CCBE9C /* PBXTargetDependency */ = {
			isa = PBXTargetDependency;
			target = B653199C1D3073D400CCBE9C /* TheCountedViewer */;
			targetProxy = B65319B41D3073D400CCBE9C /* PBXContainerItemProxy */;
		};
		B65319C01D3073D400CCBE9C /* PBXTargetDependency */ = {
			isa = PBXTargetDependency;
			target = B653199C1D3073D400CCBE9C /* TheCountedViewer */;
			targetProxy = B65319BF1D3073D400CCBE9C /* PBXContainerItemProxy */;
		};
/* End PBXTargetDependency section */

/* Begin PBXVariantGroup section */
		B65319A61D3073D400CCBE9C /* Main.storyboard */ = {
			isa = PBXVariantGroup;
			children = (
				B65319A71D3073D400CCBE9C /* Base */,
			);
			name = Main.storyboard;
			sourceTree = "<group>";
		};
		B65319AB1D3073D400CCBE9C /* LaunchScreen.storyboard */ = {
			isa = PBXVariantGroup;
			children = (
				B65319AC1D3073D400CCBE9C /* Base */,
			);
			name = LaunchScreen.storyboard;
			sourceTree = "<group>";
		};
/* End PBXVariantGroup section */

/* Begin XCBuildConfiguration section */
		B65319C51D3073D400CCBE9C /* Debug */ = {
			isa = XCBuildConfiguration;
			buildSettings = {
				ALWAYS_SEARCH_USER_PATHS = NO;
				CLANG_ANALYZER_NONNULL = YES;
				CLANG_CXX_LANGUAGE_STANDARD = "gnu++0x";
				CLANG_CXX_LIBRARY = "libc++";
				CLANG_ENABLE_MODULES = YES;
				CLANG_ENABLE_OBJC_ARC = YES;
				CLANG_WARN_BOOL_CONVERSION = YES;
				CLANG_WARN_CONSTANT_CONVERSION = YES;
				CLANG_WARN_DIRECT_OBJC_ISA_USAGE = YES_ERROR;
				CLANG_WARN_EMPTY_BODY = YES;
				CLANG_WARN_ENUM_CONVERSION = YES;
				CLANG_WARN_INT_CONVERSION = YES;
				CLANG_WARN_OBJC_ROOT_CLASS = YES_ERROR;
				CLANG_WARN_UNREACHABLE_CODE = YES;
				CLANG_WARN__DUPLICATE_METHOD_MATCH = YES;
				"CODE_SIGN_IDENTITY[sdk=iphoneos*]" = "iPhone Developer";
				COPY_PHASE_STRIP = NO;
				DEBUG_INFORMATION_FORMAT = dwarf;
				ENABLE_STRICT_OBJC_MSGSEND = YES;
				ENABLE_TESTABILITY = YES;
				GCC_C_LANGUAGE_STANDARD = gnu99;
				GCC_DYNAMIC_NO_PIC = NO;
				GCC_NO_COMMON_BLOCKS = YES;
				GCC_OPTIMIZATION_LEVEL = 0;
				GCC_PREPROCESSOR_DEFINITIONS = (
					"DEBUG=1",
					"$(inherited)",
				);
				GCC_WARN_64_TO_32_BIT_CONVERSION = YES;
				GCC_WARN_ABOUT_RETURN_TYPE = YES_ERROR;
				GCC_WARN_UNDECLARED_SELECTOR = YES;
				GCC_WARN_UNINITIALIZED_AUTOS = YES_AGGRESSIVE;
				GCC_WARN_UNUSED_FUNCTION = YES;
				GCC_WARN_UNUSED_VARIABLE = YES;
				IPHONEOS_DEPLOYMENT_TARGET = 9.3;
				MTL_ENABLE_DEBUG_INFO = YES;
				ONLY_ACTIVE_ARCH = YES;
				SDKROOT = iphoneos;
				SWIFT_OPTIMIZATION_LEVEL = "-Onone";
				TARGETED_DEVICE_FAMILY = "1,2";
			};
			name = Debug;
		};
		B65319C61D3073D400CCBE9C /* Release */ = {
			isa = XCBuildConfiguration;
			buildSettings = {
				ALWAYS_SEARCH_USER_PATHS = NO;
				CLANG_ANALYZER_NONNULL = YES;
				CLANG_CXX_LANGUAGE_STANDARD = "gnu++0x";
				CLANG_CXX_LIBRARY = "libc++";
				CLANG_ENABLE_MODULES = YES;
				CLANG_ENABLE_OBJC_ARC = YES;
				CLANG_WARN_BOOL_CONVERSION = YES;
				CLANG_WARN_CONSTANT_CONVERSION = YES;
				CLANG_WARN_DIRECT_OBJC_ISA_USAGE = YES_ERROR;
				CLANG_WARN_EMPTY_BODY = YES;
				CLANG_WARN_ENUM_CONVERSION = YES;
				CLANG_WARN_INT_CONVERSION = YES;
				CLANG_WARN_OBJC_ROOT_CLASS = YES_ERROR;
				CLANG_WARN_UNREACHABLE_CODE = YES;
				CLANG_WARN__DUPLICATE_METHOD_MATCH = YES;
				"CODE_SIGN_IDENTITY[sdk=iphoneos*]" = "iPhone Developer";
				COPY_PHASE_STRIP = NO;
				DEBUG_INFORMATION_FORMAT = "dwarf-with-dsym";
				ENABLE_NS_ASSERTIONS = NO;
				ENABLE_STRICT_OBJC_MSGSEND = YES;
				GCC_C_LANGUAGE_STANDARD = gnu99;
				GCC_NO_COMMON_BLOCKS = YES;
				GCC_WARN_64_TO_32_BIT_CONVERSION = YES;
				GCC_WARN_ABOUT_RETURN_TYPE = YES_ERROR;
				GCC_WARN_UNDECLARED_SELECTOR = YES;
				GCC_WARN_UNINITIALIZED_AUTOS = YES_AGGRESSIVE;
				GCC_WARN_UNUSED_FUNCTION = YES;
				GCC_WARN_UNUSED_VARIABLE = YES;
				IPHONEOS_DEPLOYMENT_TARGET = 9.3;
				MTL_ENABLE_DEBUG_INFO = NO;
				SDKROOT = iphoneos;
				TARGETED_DEVICE_FAMILY = "1,2";
				VALIDATE_PRODUCT = YES;
			};
			name = Release;
		};
		B65319C81D3073D400CCBE9C /* Debug */ = {
			isa = XCBuildConfiguration;
			baseConfigurationReference = 768D30BD001A6C968D54FA98 /* Pods-TheCountedViewer.debug.xcconfig */;
			buildSettings = {
				ASSETCATALOG_COMPILER_APPICON_NAME = AppIcon;
				CODE_SIGN_IDENTITY = "iPhone Developer";
				INFOPLIST_FILE = TheCountedViewer/Info.plist;
				LD_RUNPATH_SEARCH_PATHS = "$(inherited) @executable_path/Frameworks";
				PRODUCT_BUNDLE_IDENTIFIER = com.ebelinski.TheCountedViewer;
				PRODUCT_NAME = "$(TARGET_NAME)";
			};
			name = Debug;
		};
		B65319C91D3073D400CCBE9C /* Release */ = {
			isa = XCBuildConfiguration;
			baseConfigurationReference = DEA79D1B525EED860297CB0A /* Pods-TheCountedViewer.release.xcconfig */;
			buildSettings = {
				ASSETCATALOG_COMPILER_APPICON_NAME = AppIcon;
				CODE_SIGN_IDENTITY = "iPhone Developer";
				INFOPLIST_FILE = TheCountedViewer/Info.plist;
				LD_RUNPATH_SEARCH_PATHS = "$(inherited) @executable_path/Frameworks";
				PRODUCT_BUNDLE_IDENTIFIER = com.ebelinski.TheCountedViewer;
				PRODUCT_NAME = "$(TARGET_NAME)";
			};
			name = Release;
		};
		B65319CB1D3073D400CCBE9C /* Debug */ = {
			isa = XCBuildConfiguration;
			baseConfigurationReference = 960A17F7FCBF579C4B11D640 /* Pods-TheCountedViewerTests.debug.xcconfig */;
			buildSettings = {
				BUNDLE_LOADER = "$(TEST_HOST)";
				INFOPLIST_FILE = TheCountedViewerTests/Info.plist;
				LD_RUNPATH_SEARCH_PATHS = "$(inherited) @executable_path/Frameworks @loader_path/Frameworks";
				PRODUCT_BUNDLE_IDENTIFIER = com.ebelinski.TheCountedViewerTests;
				PRODUCT_NAME = "$(TARGET_NAME)";
				TEST_HOST = "$(BUILT_PRODUCTS_DIR)/TheCountedViewer.app/TheCountedViewer";
			};
			name = Debug;
		};
		B65319CC1D3073D400CCBE9C /* Release */ = {
			isa = XCBuildConfiguration;
			baseConfigurationReference = BA1E32C157D0196877CF3687 /* Pods-TheCountedViewerTests.release.xcconfig */;
			buildSettings = {
				BUNDLE_LOADER = "$(TEST_HOST)";
				INFOPLIST_FILE = TheCountedViewerTests/Info.plist;
				LD_RUNPATH_SEARCH_PATHS = "$(inherited) @executable_path/Frameworks @loader_path/Frameworks";
				PRODUCT_BUNDLE_IDENTIFIER = com.ebelinski.TheCountedViewerTests;
				PRODUCT_NAME = "$(TARGET_NAME)";
				TEST_HOST = "$(BUILT_PRODUCTS_DIR)/TheCountedViewer.app/TheCountedViewer";
			};
			name = Release;
		};
		B65319CE1D3073D400CCBE9C /* Debug */ = {
			isa = XCBuildConfiguration;
			baseConfigurationReference = 62DF30EA567385D9AE3892E8 /* Pods-TheCountedViewerUITests.debug.xcconfig */;
			buildSettings = {
				INFOPLIST_FILE = TheCountedViewerUITests/Info.plist;
				LD_RUNPATH_SEARCH_PATHS = "$(inherited) @executable_path/Frameworks @loader_path/Frameworks";
				PRODUCT_BUNDLE_IDENTIFIER = com.ebelinski.TheCountedViewerUITests;
				PRODUCT_NAME = "$(TARGET_NAME)";
				TEST_TARGET_NAME = TheCountedViewer;
			};
			name = Debug;
		};
		B65319CF1D3073D400CCBE9C /* Release */ = {
			isa = XCBuildConfiguration;
			baseConfigurationReference = 202E3DF658D9E9BA6AA225D0 /* Pods-TheCountedViewerUITests.release.xcconfig */;
			buildSettings = {
				INFOPLIST_FILE = TheCountedViewerUITests/Info.plist;
				LD_RUNPATH_SEARCH_PATHS = "$(inherited) @executable_path/Frameworks @loader_path/Frameworks";
				PRODUCT_BUNDLE_IDENTIFIER = com.ebelinski.TheCountedViewerUITests;
				PRODUCT_NAME = "$(TARGET_NAME)";
				TEST_TARGET_NAME = TheCountedViewer;
			};
			name = Release;
		};
/* End XCBuildConfiguration section */

/* Begin XCConfigurationList section */
		B65319981D3073D400CCBE9C /* Build configuration list for PBXProject "TheCountedViewer" */ = {
			isa = XCConfigurationList;
			buildConfigurations = (
				B65319C51D3073D400CCBE9C /* Debug */,
				B65319C61D3073D400CCBE9C /* Release */,
			);
			defaultConfigurationIsVisible = 0;
			defaultConfigurationName = Release;
		};
		B65319C71D3073D400CCBE9C /* Build configuration list for PBXNativeTarget "TheCountedViewer" */ = {
			isa = XCConfigurationList;
			buildConfigurations = (
				B65319C81D3073D400CCBE9C /* Debug */,
				B65319C91D3073D400CCBE9C /* Release */,
			);
			defaultConfigurationIsVisible = 0;
			defaultConfigurationName = Release;
		};
		B65319CA1D3073D400CCBE9C /* Build configuration list for PBXNativeTarget "TheCountedViewerTests" */ = {
			isa = XCConfigurationList;
			buildConfigurations = (
				B65319CB1D3073D400CCBE9C /* Debug */,
				B65319CC1D3073D400CCBE9C /* Release */,
			);
			defaultConfigurationIsVisible = 0;
			defaultConfigurationName = Release;
		};
		B65319CD1D3073D400CCBE9C /* Build configuration list for PBXNativeTarget "TheCountedViewerUITests" */ = {
			isa = XCConfigurationList;
			buildConfigurations = (
				B65319CE1D3073D400CCBE9C /* Debug */,
				B65319CF1D3073D400CCBE9C /* Release */,
			);
			defaultConfigurationIsVisible = 0;
			defaultConfigurationName = Release;
		};
/* End XCConfigurationList section */
	};
	rootObject = B65319951D3073D400CCBE9C /* Project object */;
}
